{
  "name": "Degenerate-Games",
  "lockfileVersion": 3,
  "requires": true,
  "packages": {
    "": {
      "dependencies": {
        "@fontsource/chango": "^5.0.11"
      }
    },
    "node_modules/@fontsource/chango": {
      "version": "5.0.11",
      "resolved": "https://registry.npmjs.org/@fontsource/chango/-/chango-5.0.11.tgz",
      "integrity": "sha512-BegWcx6uZypLtwhBFCAu/rZLPzGdR+N8oRGx+Hc71CdJVNGoGJGIQ4F2fgzykqAWD9PE8ExS92dsIE04tYO4xA=="
    }
  }
}
